
Microsoft Visual Studio Solution File, Format Version 12.00
# Visual Studio Version 17
VisualStudioVersion = 17.2.32516.85
MinimumVisualStudioVersion = 10.0.40219.1
Project("{FAE04EC0-301F-11D3-BF4B-00C04F79EFBC}") = "ConsumeWebAPI", "ConsumeWebAPI.csproj", "{C9F95009-E97D-45AE-88BB-A5E058BD0C70}"
EndProject
Global
	GlobalSection(SolutionConfigurationPlatforms) = preSolution
		Debug|Any CPU = Debug|Any CPU
		Release|Any CPU = Release|Any CPU
	EndGlobalSection
	GlobalSection(ProjectConfigurationPlatforms) = postSolution
		{C9F95009-E97D-45AE-88BB-A5E058BD0C70}.Debug|Any CPU.ActiveCfg = Debug|Any CPU
		{C9F95009-E97D-45AE-88BB-A5E058BD0C70}.Debug|Any CPU.Build.0 = Debug|Any CPU
		{C9F95009-E97D-45AE-88BB-A5E058BD0C70}.Release|Any CPU.ActiveCfg = Release|Any CPU
		{C9F95009-E97D-45AE-88BB-A5E058BD0C70}.Release|Any CPU.Build.0 = Release|Any CPU
	EndGlobalSection
	GlobalSection(SolutionProperties) = preSolution
		HideSolutionNode = FALSE
	EndGlobalSection
	GlobalSection(ExtensibilityGlobals) = postSolution
		SolutionGuid = {DE94EB7A-C3FA-4D16-9D4F-1287275913AA}
	EndGlobalSection
EndGlobal
